
Microsoft Visual Studio Solution File, Format Version 12.00
# Visual Studio 15
VisualStudioVersion = 15.0.27428.2037
MinimumVisualStudioVersion = 10.0.40219.1
Project("{8BC9CEB8-8B4A-11D0-8D11-00A0C91BC942}") = "ReversiNative", "ReversiNative\ReversiNative.vcxproj", "{097449EC-5C74-487A-9153-CA44CB22465D}"
EndProject
Project("{8BC9CEB8-8B4A-11D0-8D11-00A0C91BC942}") = "ReversiNativeTest", "ReversiNativeTest\ReversiNativeTest.vcxproj", "{6C4A3186-A8ED-46E2-972D-175830590636}"
EndProject
Project("{FAE04EC0-301F-11D3-BF4B-00C04F79EFBC}") = "ReversiManaged", "ReversiManaged\ReversiManaged.csproj", "{8CB67382-36D1-4039-9958-B1976F27E879}"
EndProject
Project("{FAE04EC0-301F-11D3-BF4B-00C04F79EFBC}") = "ReversiManagedTest", "ReversiManagedTest\ReversiManagedTest.csproj", "{000D2684-9040-45C9-B94C-AD465F3CE5C4}"
EndProject
Global
	GlobalSection(SolutionConfigurationPlatforms) = preSolution
		Debug|Any CPU = Debug|Any CPU
		Debug|x64 = Debug|x64
		Debug|x86 = Debug|x86
		Release|Any CPU = Release|Any CPU
		Release|x64 = Release|x64
		Release|x86 = Release|x86
	EndGlobalSection
	GlobalSection(ProjectConfigurationPlatforms) = postSolution
		{097449EC-5C74-487A-9153-CA44CB22465D}.Debug|Any CPU.ActiveCfg = Debug|x64
		{097449EC-5C74-487A-9153-CA44CB22465D}.Debug|x64.ActiveCfg = Debug|x64
		{097449EC-5C74-487A-9153-CA44CB22465D}.Debug|x64.Build.0 = Debug|x64
		{097449EC-5C74-487A-9153-CA44CB22465D}.Debug|x86.ActiveCfg = Debug|x64
		{097449EC-5C74-487A-9153-CA44CB22465D}.Release|Any CPU.ActiveCfg = Release|x64
		{097449EC-5C74-487A-9153-CA44CB22465D}.Release|x64.ActiveCfg = Release|x64
		{097449EC-5C74-487A-9153-CA44CB22465D}.Release|x64.Build.0 = Release|x64
		{097449EC-5C74-487A-9153-CA44CB22465D}.Release|x86.ActiveCfg = Release|x64
		{6C4A3186-A8ED-46E2-972D-175830590636}.Debug|Any CPU.ActiveCfg = Debug|x64
		{6C4A3186-A8ED-46E2-972D-175830590636}.Debug|x64.ActiveCfg = Debug|x64
		{6C4A3186-A8ED-46E2-972D-175830590636}.Debug|x64.Build.0 = Debug|x64
		{6C4A3186-A8ED-46E2-972D-175830590636}.Debug|x86.ActiveCfg = Debug|x64
		{6C4A3186-A8ED-46E2-972D-175830590636}.Release|Any CPU.ActiveCfg = Release|x64
		{6C4A3186-A8ED-46E2-972D-175830590636}.Release|x64.ActiveCfg = Release|x64
		{6C4A3186-A8ED-46E2-972D-175830590636}.Release|x64.Build.0 = Release|x64
		{6C4A3186-A8ED-46E2-972D-175830590636}.Release|x86.ActiveCfg = Release|x64
		{8CB67382-36D1-4039-9958-B1976F27E879}.Debug|Any CPU.ActiveCfg = Debug|Any CPU
		{8CB67382-36D1-4039-9958-B1976F27E879}.Debug|Any CPU.Build.0 = Debug|Any CPU
		{8CB67382-36D1-4039-9958-B1976F27E879}.Debug|x64.ActiveCfg = Debug|Any CPU
		{8CB67382-36D1-4039-9958-B1976F27E879}.Debug|x64.Build.0 = Debug|Any CPU
		{8CB67382-36D1-4039-9958-B1976F27E879}.Debug|x86.ActiveCfg = Debug|Any CPU
		{8CB67382-36D1-4039-9958-B1976F27E879}.Debug|x86.Build.0 = Debug|Any CPU
		{8CB67382-36D1-4039-9958-B1976F27E879}.Release|Any CPU.ActiveCfg = Release|Any CPU
		{8CB67382-36D1-4039-9958-B1976F27E879}.Release|Any CPU.Build.0 = Release|Any CPU
		{8CB67382-36D1-4039-9958-B1976F27E879}.Release|x64.ActiveCfg = Release|Any CPU
		{8CB67382-36D1-4039-9958-B1976F27E879}.Release|x64.Build.0 = Release|Any CPU
		{8CB67382-36D1-4039-9958-B1976F27E879}.Release|x86.ActiveCfg = Release|Any CPU
		{8CB67382-36D1-4039-9958-B1976F27E879}.Release|x86.Build.0 = Release|Any CPU
		{000D2684-9040-45C9-B94C-AD465F3CE5C4}.Debug|Any CPU.ActiveCfg = Debug|Any CPU
		{000D2684-9040-45C9-B94C-AD465F3CE5C4}.Debug|Any CPU.Build.0 = Debug|Any CPU
		{000D2684-9040-45C9-B94C-AD465F3CE5C4}.Debug|x64.ActiveCfg = Debug|Any CPU
		{000D2684-9040-45C9-B94C-AD465F3CE5C4}.Debug|x64.Build.0 = Debug|Any CPU
		{000D2684-9040-45C9-B94C-AD465F3CE5C4}.Debug|x86.ActiveCfg = Debug|Any CPU
		{000D2684-9040-45C9-B94C-AD465F3CE5C4}.Debug|x86.Build.0 = Debug|Any CPU
		{000D2684-9040-45C9-B94C-AD465F3CE5C4}.Release|Any CPU.ActiveCfg = Release|Any CPU
		{000D2684-9040-45C9-B94C-AD465F3CE5C4}.Release|Any CPU.Build.0 = Release|Any CPU
		{000D2684-9040-45C9-B94C-AD465F3CE5C4}.Release|x64.ActiveCfg = Release|Any CPU
		{000D2684-9040-45C9-B94C-AD465F3CE5C4}.Release|x64.Build.0 = Release|Any CPU
		{000D2684-9040-45C9-B94C-AD465F3CE5C4}.Release|x86.ActiveCfg = Release|Any CPU
		{000D2684-9040-45C9-B94C-AD465F3CE5C4}.Release|x86.Build.0 = Release|Any CPU
	EndGlobalSection
	GlobalSection(SolutionProperties) = preSolution
		HideSolutionNode = FALSE
	EndGlobalSection
	GlobalSection(ExtensibilityGlobals) = postSolution
		SolutionGuid = {2970455F-BC3F-42F7-94B4-9719384BD041}
	EndGlobalSection
EndGlobal
